PODS:
  - ChameleonFramework/Default (2.1.0)
  - ChameleonFramework/Swift (2.1.0):
    - ChameleonFramework/Default
  - CTPanoramaView (1.1)
  - DynamicButton (5.0.0)

DEPENDENCIES:
  - ChameleonFramework/Swift (from `https://github.com/ViccAlexander/Chameleon.git`)
  - CTPanoramaView
  - DynamicButton

EXTERNAL SOURCES:
  ChameleonFramework:
    :git: https://github.com/ViccAlexander/Chameleon.git

CHECKOUT OPTIONS:
  ChameleonFramework:
    :commit: 6dd284bde21ea2e7f9fd89bc36f40df16e16369d
    :git: https://github.com/ViccAlexander/Chameleon.git

SPEC CHECKSUMS:
  ChameleonFramework: d21a3cc247abfe5e37609a283a8238b03575cf64
  CTPanoramaView: 7d150988e7dfcf33ae91ceb07aec928ae32f7665
  DynamicButton: 4c2fef968e4aa0a8a6ed7ca6b8a58c8e21a36cdc

PODFILE CHECKSUM: 5f51f04b9b3b1a8aa66ef7a51bcd611710638fd8

COCOAPODS: 1.4.0.beta.1
