// !$*UTF8*$!
{
	archiveVersion = 1;
	classes = {
	};
	objectVersion = 48;
	objects = {

/* Begin PBXBuildFile section */
		77361E1B1F92EA61008D94C0 /* ColoredBtn.swift in Sources */ = {isa = PBXBuildFile; fileRef = 77361E1A1F92EA60008D94C0 /* ColoredBtn.swift */; };
		77361E251F92EAC1008D94C0 /* FullViewVC.swift in Sources */ = {isa = PBXBuildFile; fileRef = 77361E231F92EAC1008D94C0 /* FullViewVC.swift */; };
		77361E261F92EAC1008D94C0 /* InfoVC.swift in Sources */ = {isa = PBXBuildFile; fileRef = 77361E241F92EAC1008D94C0 /* InfoVC.swift */; };
		77361E551F92EC1E008D94C0 /* CardGroup.swift in Sources */ = {isa = PBXBuildFile; fileRef = 77361E4E1F92EC1D008D94C0 /* CardGroup.swift */; };
		77361E561F92EC1E008D94C0 /* CardPlayer.swift in Sources */ = {isa = PBXBuildFile; fileRef = 77361E4F1F92EC1D008D94C0 /* CardPlayer.swift */; };
		77361E571F92EC1E008D94C0 /* Card.swift in Sources */ = {isa = PBXBuildFile; fileRef = 77361E501F92EC1D008D94C0 /* Card.swift */; };
		77361E581F92EC1E008D94C0 /* CardArticle.swift in Sources */ = {isa = PBXBuildFile; fileRef = 77361E511F92EC1D008D94C0 /* CardArticle.swift */; };
		77361E591F92EC1E008D94C0 /* CardGroupSliding.swift in Sources */ = {isa = PBXBuildFile; fileRef = 77361E521F92EC1D008D94C0 /* CardGroupSliding.swift */; };
		77361E5A1F92EC1E008D94C0 /* CardHighlight.swift in Sources */ = {isa = PBXBuildFile; fileRef = 77361E531F92EC1E008D94C0 /* CardHighlight.swift */; };
		77361E5B1F92EC1E008D94C0 /* Player_by_Patric_Piemonte.swift in Sources */ = {isa = PBXBuildFile; fileRef = 77361E541F92EC1E008D94C0 /* Player_by_Patric_Piemonte.swift */; };
		77361E601F92FD8F008D94C0 /* CouponVC.swift in Sources */ = {isa = PBXBuildFile; fileRef = 77361E5F1F92FD8F008D94C0 /* CouponVC.swift */; };
		77361E641F930206008D94C0 /* Constants.swift in Sources */ = {isa = PBXBuildFile; fileRef = 77361E631F930206008D94C0 /* Constants.swift */; };
		77361E661F9303F9008D94C0 /* Stopover.swift in Sources */ = {isa = PBXBuildFile; fileRef = 77361E651F9303F9008D94C0 /* Stopover.swift */; };
		77361E691F9308A1008D94C0 /* CouponCard.swift in Sources */ = {isa = PBXBuildFile; fileRef = 77361E681F9308A1008D94C0 /* CouponCard.swift */; };
		77361E6B1F933589008D94C0 /* Extensions.swift in Sources */ = {isa = PBXBuildFile; fileRef = 77361E6A1F933589008D94C0 /* Extensions.swift */; };
		77661B8A1F92A5E3002B48FF /* AppDelegate.swift in Sources */ = {isa = PBXBuildFile; fileRef = 77661B891F92A5E3002B48FF /* AppDelegate.swift */; };
		77661B8F1F92A5E3002B48FF /* Main.storyboard in Resources */ = {isa = PBXBuildFile; fileRef = 77661B8D1F92A5E3002B48FF /* Main.storyboard */; };
		77661B911F92A5E3002B48FF /* Assets.xcassets in Resources */ = {isa = PBXBuildFile; fileRef = 77661B901F92A5E3002B48FF /* Assets.xcassets */; };
		77661B941F92A5E3002B48FF /* LaunchScreen.storyboard in Resources */ = {isa = PBXBuildFile; fileRef = 77661B921F92A5E3002B48FF /* LaunchScreen.storyboard */; };
		77BF5EC81F9348D50050F882 /* Category.swift in Sources */ = {isa = PBXBuildFile; fileRef = 77BF5EC71F9348D50050F882 /* Category.swift */; };
		77CFD4A11F93EBDA005F6CF6 /* FoodVC.swift in Sources */ = {isa = PBXBuildFile; fileRef = 77CFD4A01F93EBDA005F6CF6 /* FoodVC.swift */; };
		F101B7961F92C9FF004B4570 /* ItineraryViewController.swift in Sources */ = {isa = PBXBuildFile; fileRef = F101B7951F92C9FF004B4570 /* ItineraryViewController.swift */; };
		F101B7981F92CE83004B4570 /* CurrentItineraryTableViewCell.swift in Sources */ = {isa = PBXBuildFile; fileRef = F101B7971F92CE83004B4570 /* CurrentItineraryTableViewCell.swift */; };
		F101B79A1F92CEBC004B4570 /* OtherItineraryTableViewCell.swift in Sources */ = {isa = PBXBuildFile; fileRef = F101B7991F92CEBC004B4570 /* OtherItineraryTableViewCell.swift */; };
		F1044C651F931F0200AA70BB /* PassThroughView.swift in Sources */ = {isa = PBXBuildFile; fileRef = F1044C641F931F0200AA70BB /* PassThroughView.swift */; };
		F15895FD1F93C40300CF5598 /* SelectionViewController.swift in Sources */ = {isa = PBXBuildFile; fileRef = F15895FC1F93C40300CF5598 /* SelectionViewController.swift */; };
		F15895FF1F93FFDC00CF5598 /* ChecklistViewController.swift in Sources */ = {isa = PBXBuildFile; fileRef = F15895FE1F93FFDC00CF5598 /* ChecklistViewController.swift */; };
		F1D53C781F933CDE004DC156 /* InnerCurrentItineraryCollectionViewCell.swift in Sources */ = {isa = PBXBuildFile; fileRef = F1D53C771F933CDE004DC156 /* InnerCurrentItineraryCollectionViewCell.swift */; };
		F1D53C7D1F9362FF004DC156 /* CircleExpandingMenu.swift in Sources */ = {isa = PBXBuildFile; fileRef = F1D53C7A1F9361F6004DC156 /* CircleExpandingMenu.swift */; };
		F1D53C7E1F9362FF004DC156 /* CircleExpandingMenuButton.swift in Sources */ = {isa = PBXBuildFile; fileRef = F1D53C7B1F9361F6004DC156 /* CircleExpandingMenuButton.swift */; };
		F1D53C7F1F9362FF004DC156 /* CircleExpandingMenuDelegate.swift in Sources */ = {isa = PBXBuildFile; fileRef = F1D53C7C1F9361F6004DC156 /* CircleExpandingMenuDelegate.swift */; };
		F72CE51DC787F493433C5B8C /* Pods_Sialah.framework in Frameworks */ = {isa = PBXBuildFile; fileRef = 83990CFD1505E08F4C653F43 /* Pods_Sialah.framework */; };
/* End PBXBuildFile section */

/* Begin PBXFileReference section */
		44B1F6ACB0C2E6D7943B2CF8 /* Pods-Sialah.debug.xcconfig */ = {isa = PBXFileReference; includeInIndex = 1; lastKnownFileType = text.xcconfig; name = "Pods-Sialah.debug.xcconfig"; path = "Pods/Target Support Files/Pods-Sialah/Pods-Sialah.debug.xcconfig"; sourceTree = "<group>"; };
		6DD84F12F1B15D53D60B406D /* Pods-Sialah.release.xcconfig */ = {isa = PBXFileReference; includeInIndex = 1; lastKnownFileType = text.xcconfig; name = "Pods-Sialah.release.xcconfig"; path = "Pods/Target Support Files/Pods-Sialah/Pods-Sialah.release.xcconfig"; sourceTree = "<group>"; };
		77361E1A1F92EA60008D94C0 /* ColoredBtn.swift */ = {isa = PBXFileReference; lastKnownFileType = sourcecode.swift; path = ColoredBtn.swift; sourceTree = "<group>"; };
		77361E231F92EAC1008D94C0 /* FullViewVC.swift */ = {isa = PBXFileReference; lastKnownFileType = sourcecode.swift; path = FullViewVC.swift; sourceTree = "<group>"; };
		77361E241F92EAC1008D94C0 /* InfoVC.swift */ = {isa = PBXFileReference; lastKnownFileType = sourcecode.swift; path = InfoVC.swift; sourceTree = "<group>"; };
		77361E4E1F92EC1D008D94C0 /* CardGroup.swift */ = {isa = PBXFileReference; lastKnownFileType = sourcecode.swift; path = CardGroup.swift; sourceTree = "<group>"; };
		77361E4F1F92EC1D008D94C0 /* CardPlayer.swift */ = {isa = PBXFileReference; lastKnownFileType = sourcecode.swift; path = CardPlayer.swift; sourceTree = "<group>"; };
		77361E501F92EC1D008D94C0 /* Card.swift */ = {isa = PBXFileReference; lastKnownFileType = sourcecode.swift; path = Card.swift; sourceTree = "<group>"; };
		77361E511F92EC1D008D94C0 /* CardArticle.swift */ = {isa = PBXFileReference; lastKnownFileType = sourcecode.swift; path = CardArticle.swift; sourceTree = "<group>"; };
		77361E521F92EC1D008D94C0 /* CardGroupSliding.swift */ = {isa = PBXFileReference; lastKnownFileType = sourcecode.swift; path = CardGroupSliding.swift; sourceTree = "<group>"; };
		77361E531F92EC1E008D94C0 /* CardHighlight.swift */ = {isa = PBXFileReference; lastKnownFileType = sourcecode.swift; path = CardHighlight.swift; sourceTree = "<group>"; };
		77361E541F92EC1E008D94C0 /* Player_by_Patric_Piemonte.swift */ = {isa = PBXFileReference; lastKnownFileType = sourcecode.swift; path = Player_by_Patric_Piemonte.swift; sourceTree = "<group>"; };
		77361E5F1F92FD8F008D94C0 /* CouponVC.swift */ = {isa = PBXFileReference; lastKnownFileType = sourcecode.swift; path = CouponVC.swift; sourceTree = "<group>"; };
		77361E631F930206008D94C0 /* Constants.swift */ = {isa = PBXFileReference; lastKnownFileType = sourcecode.swift; path = Constants.swift; sourceTree = "<group>"; };
		77361E651F9303F9008D94C0 /* Stopover.swift */ = {isa = PBXFileReference; lastKnownFileType = sourcecode.swift; path = Stopover.swift; sourceTree = "<group>"; };
		77361E681F9308A1008D94C0 /* CouponCard.swift */ = {isa = PBXFileReference; lastKnownFileType = sourcecode.swift; path = CouponCard.swift; sourceTree = "<group>"; };
		77361E6A1F933589008D94C0 /* Extensions.swift */ = {isa = PBXFileReference; lastKnownFileType = sourcecode.swift; path = Extensions.swift; sourceTree = "<group>"; };
		77661B861F92A5E3002B48FF /* Sialah.app */ = {isa = PBXFileReference; explicitFileType = wrapper.application; includeInIndex = 0; path = Sialah.app; sourceTree = BUILT_PRODUCTS_DIR; };
		77661B891F92A5E3002B48FF /* AppDelegate.swift */ = {isa = PBXFileReference; lastKnownFileType = sourcecode.swift; path = AppDelegate.swift; sourceTree = "<group>"; };
		77661B8E1F92A5E3002B48FF /* Base */ = {isa = PBXFileReference; lastKnownFileType = file.storyboard; name = Base; path = Base.lproj/Main.storyboard; sourceTree = "<group>"; };
		77661B901F92A5E3002B48FF /* Assets.xcassets */ = {isa = PBXFileReference; lastKnownFileType = folder.assetcatalog; path = Assets.xcassets; sourceTree = "<group>"; };
		77661B931F92A5E3002B48FF /* Base */ = {isa = PBXFileReference; lastKnownFileType = file.storyboard; name = Base; path = Base.lproj/LaunchScreen.storyboard; sourceTree = "<group>"; };
		77661B951F92A5E3002B48FF /* Info.plist */ = {isa = PBXFileReference; lastKnownFileType = text.plist.xml; path = Info.plist; sourceTree = "<group>"; };
		77BF5EC71F9348D50050F882 /* Category.swift */ = {isa = PBXFileReference; lastKnownFileType = sourcecode.swift; path = Category.swift; sourceTree = "<group>"; };
		77CFD4A01F93EBDA005F6CF6 /* FoodVC.swift */ = {isa = PBXFileReference; lastKnownFileType = sourcecode.swift; path = FoodVC.swift; sourceTree = "<group>"; };
		83990CFD1505E08F4C653F43 /* Pods_Sialah.framework */ = {isa = PBXFileReference; explicitFileType = wrapper.framework; includeInIndex = 0; path = Pods_Sialah.framework; sourceTree = BUILT_PRODUCTS_DIR; };
		F101B7951F92C9FF004B4570 /* ItineraryViewController.swift */ = {isa = PBXFileReference; lastKnownFileType = sourcecode.swift; path = ItineraryViewController.swift; sourceTree = "<group>"; };
		F101B7971F92CE83004B4570 /* CurrentItineraryTableViewCell.swift */ = {isa = PBXFileReference; lastKnownFileType = sourcecode.swift; path = CurrentItineraryTableViewCell.swift; sourceTree = "<group>"; };
		F101B7991F92CEBC004B4570 /* OtherItineraryTableViewCell.swift */ = {isa = PBXFileReference; lastKnownFileType = sourcecode.swift; path = OtherItineraryTableViewCell.swift; sourceTree = "<group>"; };
		F1044C641F931F0200AA70BB /* PassThroughView.swift */ = {isa = PBXFileReference; lastKnownFileType = sourcecode.swift; path = PassThroughView.swift; sourceTree = "<group>"; };
		F15895FC1F93C40300CF5598 /* SelectionViewController.swift */ = {isa = PBXFileReference; lastKnownFileType = sourcecode.swift; path = SelectionViewController.swift; sourceTree = "<group>"; };
		F15895FE1F93FFDC00CF5598 /* ChecklistViewController.swift */ = {isa = PBXFileReference; lastKnownFileType = sourcecode.swift; path = ChecklistViewController.swift; sourceTree = "<group>"; };
		F1D53C771F933CDE004DC156 /* InnerCurrentItineraryCollectionViewCell.swift */ = {isa = PBXFileReference; lastKnownFileType = sourcecode.swift; path = InnerCurrentItineraryCollectionViewCell.swift; sourceTree = "<group>"; };
		F1D53C7A1F9361F6004DC156 /* CircleExpandingMenu.swift */ = {isa = PBXFileReference; lastKnownFileType = sourcecode.swift; path = CircleExpandingMenu.swift; sourceTree = "<group>"; };
		F1D53C7B1F9361F6004DC156 /* CircleExpandingMenuButton.swift */ = {isa = PBXFileReference; lastKnownFileType = sourcecode.swift; path = CircleExpandingMenuButton.swift; sourceTree = "<group>"; };
		F1D53C7C1F9361F6004DC156 /* CircleExpandingMenuDelegate.swift */ = {isa = PBXFileReference; lastKnownFileType = sourcecode.swift; path = CircleExpandingMenuDelegate.swift; sourceTree = "<group>"; };
/* End PBXFileReference section */

/* Begin PBXFrameworksBuildPhase section */
		77661B831F92A5E3002B48FF /* Frameworks */ = {
			isa = PBXFrameworksBuildPhase;
			buildActionMask = 2147483647;
			files = (
				F72CE51DC787F493433C5B8C /* Pods_Sialah.framework in Frameworks */,
			);
			runOnlyForDeploymentPostprocessing = 0;
		};
/* End PBXFrameworksBuildPhase section */

/* Begin PBXGroup section */
		03A382C470B60A4A54E5BFF6 /* Pods */ = {
			isa = PBXGroup;
			children = (
				44B1F6ACB0C2E6D7943B2CF8 /* Pods-Sialah.debug.xcconfig */,
				6DD84F12F1B15D53D60B406D /* Pods-Sialah.release.xcconfig */,
			);
			name = Pods;
			sourceTree = "<group>";
		};
		77361E1C1F92EA6B008D94C0 /* View */ = {
			isa = PBXGroup;
			children = (
				F1D53C791F9361E7004DC156 /* Circle Expanding Menu */,
				F1D53C761F933CBB004DC156 /* CollectionViewCell */,
				77361E5C1F92EC23008D94C0 /* Cards */,
				77361E1E1F92EA9A008D94C0 /* TableCell */,
				77361E1A1F92EA60008D94C0 /* ColoredBtn.swift */,
				F1044C641F931F0200AA70BB /* PassThroughView.swift */,
			);
			path = View;
			sourceTree = "<group>";
		};
		77361E1D1F92EA7F008D94C0 /* ViewController */ = {
			isa = PBXGroup;
			children = (
				77361E231F92EAC1008D94C0 /* FullViewVC.swift */,
				77361E241F92EAC1008D94C0 /* InfoVC.swift */,
				F101B7951F92C9FF004B4570 /* ItineraryViewController.swift */,
				77361E5F1F92FD8F008D94C0 /* CouponVC.swift */,
				F15895FC1F93C40300CF5598 /* SelectionViewController.swift */,
				77CFD4A01F93EBDA005F6CF6 /* FoodVC.swift */,
				F15895FE1F93FFDC00CF5598 /* ChecklistViewController.swift */,
			);
			path = ViewController;
			sourceTree = "<group>";
		};
		77361E1E1F92EA9A008D94C0 /* TableCell */ = {
			isa = PBXGroup;
			children = (
				F101B7971F92CE83004B4570 /* CurrentItineraryTableViewCell.swift */,
				F101B7991F92CEBC004B4570 /* OtherItineraryTableViewCell.swift */,
			);
			path = TableCell;
			sourceTree = "<group>";
		};
		77361E5C1F92EC23008D94C0 /* Cards */ = {
			isa = PBXGroup;
			children = (
				77361E501F92EC1D008D94C0 /* Card.swift */,
				77361E511F92EC1D008D94C0 /* CardArticle.swift */,
				77361E4E1F92EC1D008D94C0 /* CardGroup.swift */,
				77361E521F92EC1D008D94C0 /* CardGroupSliding.swift */,
				77361E531F92EC1E008D94C0 /* CardHighlight.swift */,
				77361E4F1F92EC1D008D94C0 /* CardPlayer.swift */,
				77361E681F9308A1008D94C0 /* CouponCard.swift */,
				77361E541F92EC1E008D94C0 /* Player_by_Patric_Piemonte.swift */,
			);
			path = Cards;
			sourceTree = "<group>";
		};
		77361E671F9303FE008D94C0 /* Model */ = {
			isa = PBXGroup;
			children = (
				77361E651F9303F9008D94C0 /* Stopover.swift */,
				77BF5EC71F9348D50050F882 /* Category.swift */,
			);
			path = Model;
			sourceTree = "<group>";
		};
		77661B7D1F92A5E2002B48FF = {
			isa = PBXGroup;
			children = (
				77661B881F92A5E3002B48FF /* Sialah */,
				77661B871F92A5E3002B48FF /* Products */,
				03A382C470B60A4A54E5BFF6 /* Pods */,
				B15ABD92313F6278D54FDE67 /* Frameworks */,
			);
			sourceTree = "<group>";
		};
		77661B871F92A5E3002B48FF /* Products */ = {
			isa = PBXGroup;
			children = (
				77661B861F92A5E3002B48FF /* Sialah.app */,
			);
			name = Products;
			sourceTree = "<group>";
		};
		77661B881F92A5E3002B48FF /* Sialah */ = {
			isa = PBXGroup;
			children = (
				77361E1D1F92EA7F008D94C0 /* ViewController */,
				77361E1C1F92EA6B008D94C0 /* View */,
				77661B891F92A5E3002B48FF /* AppDelegate.swift */,
				77661B8D1F92A5E3002B48FF /* Main.storyboard */,
				77661B901F92A5E3002B48FF /* Assets.xcassets */,
				77661B921F92A5E3002B48FF /* LaunchScreen.storyboard */,
				77661B951F92A5E3002B48FF /* Info.plist */,
				77361E671F9303FE008D94C0 /* Model */,
				77361E6A1F933589008D94C0 /* Extensions.swift */,
				77361E631F930206008D94C0 /* Constants.swift */,
			);
			path = Sialah;
			sourceTree = "<group>";
		};
		B15ABD92313F6278D54FDE67 /* Frameworks */ = {
			isa = PBXGroup;
			children = (
				83990CFD1505E08F4C653F43 /* Pods_Sialah.framework */,
			);
			name = Frameworks;
			sourceTree = "<group>";
		};
		F1D53C761F933CBB004DC156 /* CollectionViewCell */ = {
			isa = PBXGroup;
			children = (
				F1D53C771F933CDE004DC156 /* InnerCurrentItineraryCollectionViewCell.swift */,
			);
			path = CollectionViewCell;
			sourceTree = "<group>";
		};
		F1D53C791F9361E7004DC156 /* Circle Expanding Menu */ = {
			isa = PBXGroup;
			children = (
				F1D53C7A1F9361F6004DC156 /* CircleExpandingMenu.swift */,
				F1D53C7B1F9361F6004DC156 /* CircleExpandingMenuButton.swift */,
				F1D53C7C1F9361F6004DC156 /* CircleExpandingMenuDelegate.swift */,
			);
			path = "Circle Expanding Menu";
			sourceTree = "<group>";
		};
/* End PBXGroup section */

/* Begin PBXNativeTarget section */
		77661B851F92A5E3002B48FF /* Sialah */ = {
			isa = PBXNativeTarget;
			buildConfigurationList = 77661B981F92A5E3002B48FF /* Build configuration list for PBXNativeTarget "Sialah" */;
			buildPhases = (
				3B1334D93F96FC85E90D92D3 /* [CP] Check Pods Manifest.lock */,
				77661B821F92A5E3002B48FF /* Sources */,
				77661B831F92A5E3002B48FF /* Frameworks */,
				77661B841F92A5E3002B48FF /* Resources */,
				534A7D02869B139EFC26FC13 /* [CP] Embed Pods Frameworks */,
				CCEDDC04DCB0DF28ADD86E91 /* [CP] Copy Pods Resources */,
			);
			buildRules = (
			);
			dependencies = (
			);
			name = Sialah;
			productName = Sialah;
			productReference = 77661B861F92A5E3002B48FF /* Sialah.app */;
			productType = "com.apple.product-type.application";
		};
/* End PBXNativeTarget section */

/* Begin PBXProject section */
		77661B7E1F92A5E2002B48FF /* Project object */ = {
			isa = PBXProject;
			attributes = {
				LastSwiftUpdateCheck = 0900;
				LastUpgradeCheck = 0900;
				ORGANIZATIONNAME = "Leon Mak";
				TargetAttributes = {
					77661B851F92A5E3002B48FF = {
						CreatedOnToolsVersion = 9.0;
						ProvisioningStyle = Automatic;
					};
				};
			};
			buildConfigurationList = 77661B811F92A5E2002B48FF /* Build configuration list for PBXProject "Sialah" */;
			compatibilityVersion = "Xcode 8.0";
			developmentRegion = en;
			hasScannedForEncodings = 0;
			knownRegions = (
				en,
				Base,
			);
			mainGroup = 77661B7D1F92A5E2002B48FF;
			productRefGroup = 77661B871F92A5E3002B48FF /* Products */;
			projectDirPath = "";
			projectRoot = "";
			targets = (
				77661B851F92A5E3002B48FF /* Sialah */,
			);
		};
/* End PBXProject section */

/* Begin PBXResourcesBuildPhase section */
		77661B841F92A5E3002B48FF /* Resources */ = {
			isa = PBXResourcesBuildPhase;
			buildActionMask = 2147483647;
			files = (
				77661B941F92A5E3002B48FF /* LaunchScreen.storyboard in Resources */,
				77661B911F92A5E3002B48FF /* Assets.xcassets in Resources */,
				77661B8F1F92A5E3002B48FF /* Main.storyboard in Resources */,
			);
			runOnlyForDeploymentPostprocessing = 0;
		};
/* End PBXResourcesBuildPhase section */

/* Begin PBXShellScriptBuildPhase section */
		3B1334D93F96FC85E90D92D3 /* [CP] Check Pods Manifest.lock */ = {
			isa = PBXShellScriptBuildPhase;
			buildActionMask = 2147483647;
			files = (
			);
			inputPaths = (
				"${PODS_PODFILE_DIR_PATH}/Podfile.lock",
				"${PODS_ROOT}/Manifest.lock",
			);
			name = "[CP] Check Pods Manifest.lock";
			outputPaths = (
				"$(DERIVED_FILE_DIR)/Pods-Sialah-checkManifestLockResult.txt",
			);
			runOnlyForDeploymentPostprocessing = 0;
			shellPath = /bin/sh;
			shellScript = "diff \"${PODS_PODFILE_DIR_PATH}/Podfile.lock\" \"${PODS_ROOT}/Manifest.lock\" > /dev/null\nif [ $? != 0 ] ; then\n    # print error to STDERR\n    echo \"error: The sandbox is not in sync with the Podfile.lock. Run 'pod install' or update your CocoaPods installation.\" >&2\n    exit 1\nfi\n# This output is used by Xcode 'outputs' to avoid re-running this script phase.\necho \"SUCCESS\" > \"${SCRIPT_OUTPUT_FILE_0}\"\n";
			showEnvVarsInLog = 0;
		};
		534A7D02869B139EFC26FC13 /* [CP] Embed Pods Frameworks */ = {
			isa = PBXShellScriptBuildPhase;
			buildActionMask = 2147483647;
			files = (
			);
			inputPaths = (
				"${SRCROOT}/Pods/Target Support Files/Pods-Sialah/Pods-Sialah-frameworks.sh",
				"${BUILT_PRODUCTS_DIR}/CTPanoramaView/CTPanoramaView.framework",
				"${BUILT_PRODUCTS_DIR}/ChameleonFramework/ChameleonFramework.framework",
				"${BUILT_PRODUCTS_DIR}/DynamicButton/DynamicButton.framework",
			);
			name = "[CP] Embed Pods Frameworks";
			outputPaths = (
				"${TARGET_BUILD_DIR}/${FRAMEWORKS_FOLDER_PATH}/CTPanoramaView.framework",
				"${TARGET_BUILD_DIR}/${FRAMEWORKS_FOLDER_PATH}/ChameleonFramework.framework",
				"${TARGET_BUILD_DIR}/${FRAMEWORKS_FOLDER_PATH}/DynamicButton.framework",
			);
			runOnlyForDeploymentPostprocessing = 0;
			shellPath = /bin/sh;
			shellScript = "\"${SRCROOT}/Pods/Target Support Files/Pods-Sialah/Pods-Sialah-frameworks.sh\"\n";
			showEnvVarsInLog = 0;
		};
		CCEDDC04DCB0DF28ADD86E91 /* [CP] Copy Pods Resources */ = {
			isa = PBXShellScriptBuildPhase;
			buildActionMask = 2147483647;
			files = (
			);
			inputPaths = (
			);
			name = "[CP] Copy Pods Resources";
			outputPaths = (
			);
			runOnlyForDeploymentPostprocessing = 0;
			shellPath = /bin/sh;
			shellScript = "\"${SRCROOT}/Pods/Target Support Files/Pods-Sialah/Pods-Sialah-resources.sh\"\n";
			showEnvVarsInLog = 0;
		};
/* End PBXShellScriptBuildPhase section */

/* Begin PBXSourcesBuildPhase section */
		77661B821F92A5E3002B48FF /* Sources */ = {
			isa = PBXSourcesBuildPhase;
			buildActionMask = 2147483647;
			files = (
				77361E561F92EC1E008D94C0 /* CardPlayer.swift in Sources */,
				F15895FF1F93FFDC00CF5598 /* ChecklistViewController.swift in Sources */,
				F101B79A1F92CEBC004B4570 /* OtherItineraryTableViewCell.swift in Sources */,
				77361E5A1F92EC1E008D94C0 /* CardHighlight.swift in Sources */,
				F15895FD1F93C40300CF5598 /* SelectionViewController.swift in Sources */,
				F1D53C7D1F9362FF004DC156 /* CircleExpandingMenu.swift in Sources */,
				F1D53C7E1F9362FF004DC156 /* CircleExpandingMenuButton.swift in Sources */,
				F1D53C7F1F9362FF004DC156 /* CircleExpandingMenuDelegate.swift in Sources */,
				F1044C651F931F0200AA70BB /* PassThroughView.swift in Sources */,
				77361E591F92EC1E008D94C0 /* CardGroupSliding.swift in Sources */,
				F1D53C781F933CDE004DC156 /* InnerCurrentItineraryCollectionViewCell.swift in Sources */,
				77361E551F92EC1E008D94C0 /* CardGroup.swift in Sources */,
				77361E691F9308A1008D94C0 /* CouponCard.swift in Sources */,
				77361E1B1F92EA61008D94C0 /* ColoredBtn.swift in Sources */,
				77361E6B1F933589008D94C0 /* Extensions.swift in Sources */,
				77CFD4A11F93EBDA005F6CF6 /* FoodVC.swift in Sources */,
				77361E601F92FD8F008D94C0 /* CouponVC.swift in Sources */,
				77361E641F930206008D94C0 /* Constants.swift in Sources */,
				F101B7961F92C9FF004B4570 /* ItineraryViewController.swift in Sources */,
				F101B7981F92CE83004B4570 /* CurrentItineraryTableViewCell.swift in Sources */,
				77361E261F92EAC1008D94C0 /* InfoVC.swift in Sources */,
				77361E5B1F92EC1E008D94C0 /* Player_by_Patric_Piemonte.swift in Sources */,
				77361E571F92EC1E008D94C0 /* Card.swift in Sources */,
				77361E581F92EC1E008D94C0 /* CardArticle.swift in Sources */,
				77361E251F92EAC1008D94C0 /* FullViewVC.swift in Sources */,
				77661B8A1F92A5E3002B48FF /* AppDelegate.swift in Sources */,
				77361E661F9303F9008D94C0 /* Stopover.swift in Sources */,
				77BF5EC81F9348D50050F882 /* Category.swift in Sources */,
			);
			runOnlyForDeploymentPostprocessing = 0;
		};
/* End PBXSourcesBuildPhase section */

/* Begin PBXVariantGroup section */
		77661B8D1F92A5E3002B48FF /* Main.storyboard */ = {
			isa = PBXVariantGroup;
			children = (
				77661B8E1F92A5E3002B48FF /* Base */,
			);
			name = Main.storyboard;
			sourceTree = "<group>";
		};
		77661B921F92A5E3002B48FF /* LaunchScreen.storyboard */ = {
			isa = PBXVariantGroup;
			children = (
				77661B931F92A5E3002B48FF /* Base */,
			);
			name = LaunchScreen.storyboard;
			sourceTree = "<group>";
		};
/* End PBXVariantGroup section */

/* Begin XCBuildConfiguration section */
		77661B961F92A5E3002B48FF /* Debug */ = {
			isa = XCBuildConfiguration;
			buildSettings = {
				ALWAYS_SEARCH_USER_PATHS = NO;
				CLANG_ANALYZER_NONNULL = YES;
				CLANG_ANALYZER_NUMBER_OBJECT_CONVERSION = YES_AGGRESSIVE;
				CLANG_CXX_LANGUAGE_STANDARD = "gnu++14";
				CLANG_CXX_LIBRARY = "libc++";
				CLANG_ENABLE_MODULES = YES;
				CLANG_ENABLE_OBJC_ARC = YES;
				CLANG_WARN_BLOCK_CAPTURE_AUTORELEASING = YES;
				CLANG_WARN_BOOL_CONVERSION = YES;
				CLANG_WARN_COMMA = YES;
				CLANG_WARN_CONSTANT_CONVERSION = YES;
				CLANG_WARN_DIRECT_OBJC_ISA_USAGE = YES_ERROR;
				CLANG_WARN_DOCUMENTATION_COMMENTS = YES;
				CLANG_WARN_EMPTY_BODY = YES;
				CLANG_WARN_ENUM_CONVERSION = YES;
				CLANG_WARN_INFINITE_RECURSION = YES;
				CLANG_WARN_INT_CONVERSION = YES;
				CLANG_WARN_NON_LITERAL_NULL_CONVERSION = YES;
				CLANG_WARN_OBJC_LITERAL_CONVERSION = YES;
				CLANG_WARN_OBJC_ROOT_CLASS = YES_ERROR;
				CLANG_WARN_RANGE_LOOP_ANALYSIS = YES;
				CLANG_WARN_STRICT_PROTOTYPES = YES;
				CLANG_WARN_SUSPICIOUS_MOVE = YES;
				CLANG_WARN_UNGUARDED_AVAILABILITY = YES_AGGRESSIVE;
				CLANG_WARN_UNREACHABLE_CODE = YES;
				CLANG_WARN__DUPLICATE_METHOD_MATCH = YES;
				CODE_SIGN_IDENTITY = "iPhone Developer";
				COPY_PHASE_STRIP = NO;
				DEBUG_INFORMATION_FORMAT = dwarf;
				ENABLE_STRICT_OBJC_MSGSEND = YES;
				ENABLE_TESTABILITY = YES;
				GCC_C_LANGUAGE_STANDARD = gnu11;
				GCC_DYNAMIC_NO_PIC = NO;
				GCC_NO_COMMON_BLOCKS = YES;
				GCC_OPTIMIZATION_LEVEL = 0;
				GCC_PREPROCESSOR_DEFINITIONS = (
					"DEBUG=1",
					"$(inherited)",
				);
				GCC_WARN_64_TO_32_BIT_CONVERSION = YES;
				GCC_WARN_ABOUT_RETURN_TYPE = YES_ERROR;
				GCC_WARN_UNDECLARED_SELECTOR = YES;
				GCC_WARN_UNINITIALIZED_AUTOS = YES_AGGRESSIVE;
				GCC_WARN_UNUSED_FUNCTION = YES;
				GCC_WARN_UNUSED_VARIABLE = YES;
				IPHONEOS_DEPLOYMENT_TARGET = 11.0;
				MTL_ENABLE_DEBUG_INFO = YES;
				ONLY_ACTIVE_ARCH = YES;
				SDKROOT = iphoneos;
				SWIFT_ACTIVE_COMPILATION_CONDITIONS = DEBUG;
				SWIFT_OPTIMIZATION_LEVEL = "-Onone";
			};
			name = Debug;
		};
		77661B971F92A5E3002B48FF /* Release */ = {
			isa = XCBuildConfiguration;
			buildSettings = {
				ALWAYS_SEARCH_USER_PATHS = NO;
				CLANG_ANALYZER_NONNULL = YES;
				CLANG_ANALYZER_NUMBER_OBJECT_CONVERSION = YES_AGGRESSIVE;
				CLANG_CXX_LANGUAGE_STANDARD = "gnu++14";
				CLANG_CXX_LIBRARY = "libc++";
				CLANG_ENABLE_MODULES = YES;
				CLANG_ENABLE_OBJC_ARC = YES;
				CLANG_WARN_BLOCK_CAPTURE_AUTORELEASING = YES;
				CLANG_WARN_BOOL_CONVERSION = YES;
				CLANG_WARN_COMMA = YES;
				CLANG_WARN_CONSTANT_CONVERSION = YES;
				CLANG_WARN_DIRECT_OBJC_ISA_USAGE = YES_ERROR;
				CLANG_WARN_DOCUMENTATION_COMMENTS = YES;
				CLANG_WARN_EMPTY_BODY = YES;
				CLANG_WARN_ENUM_CONVERSION = YES;
				CLANG_WARN_INFINITE_RECURSION = YES;
				CLANG_WARN_INT_CONVERSION = YES;
				CLANG_WARN_NON_LITERAL_NULL_CONVERSION = YES;
				CLANG_WARN_OBJC_LITERAL_CONVERSION = YES;
				CLANG_WARN_OBJC_ROOT_CLASS = YES_ERROR;
				CLANG_WARN_RANGE_LOOP_ANALYSIS = YES;
				CLANG_WARN_STRICT_PROTOTYPES = YES;
				CLANG_WARN_SUSPICIOUS_MOVE = YES;
				CLANG_WARN_UNGUARDED_AVAILABILITY = YES_AGGRESSIVE;
				CLANG_WARN_UNREACHABLE_CODE = YES;
				CLANG_WARN__DUPLICATE_METHOD_MATCH = YES;
				CODE_SIGN_IDENTITY = "iPhone Developer";
				COPY_PHASE_STRIP = NO;
				DEBUG_INFORMATION_FORMAT = "dwarf-with-dsym";
				ENABLE_NS_ASSERTIONS = NO;
				ENABLE_STRICT_OBJC_MSGSEND = YES;
				GCC_C_LANGUAGE_STANDARD = gnu11;
				GCC_NO_COMMON_BLOCKS = YES;
				GCC_WARN_64_TO_32_BIT_CONVERSION = YES;
				GCC_WARN_ABOUT_RETURN_TYPE = YES_ERROR;
				GCC_WARN_UNDECLARED_SELECTOR = YES;
				GCC_WARN_UNINITIALIZED_AUTOS = YES_AGGRESSIVE;
				GCC_WARN_UNUSED_FUNCTION = YES;
				GCC_WARN_UNUSED_VARIABLE = YES;
				IPHONEOS_DEPLOYMENT_TARGET = 11.0;
				MTL_ENABLE_DEBUG_INFO = NO;
				SDKROOT = iphoneos;
				SWIFT_OPTIMIZATION_LEVEL = "-Owholemodule";
				VALIDATE_PRODUCT = YES;
			};
			name = Release;
		};
		77661B991F92A5E3002B48FF /* Debug */ = {
			isa = XCBuildConfiguration;
			baseConfigurationReference = 44B1F6ACB0C2E6D7943B2CF8 /* Pods-Sialah.debug.xcconfig */;
			buildSettings = {
				ASSETCATALOG_COMPILER_APPICON_NAME = AppIcon;
				CODE_SIGN_STYLE = Automatic;
				DEVELOPMENT_TEAM = 93J5N959FE;
				INFOPLIST_FILE = Sialah/Info.plist;
				LD_RUNPATH_SEARCH_PATHS = "$(inherited) @executable_path/Frameworks";
				PRODUCT_BUNDLE_IDENTIFIER = Maklemak.Sialah;
				PRODUCT_NAME = "$(TARGET_NAME)";
				SWIFT_VERSION = 4.0;
				TARGETED_DEVICE_FAMILY = "1,2";
			};
			name = Debug;
		};
		77661B9A1F92A5E3002B48FF /* Release */ = {
			isa = XCBuildConfiguration;
			baseConfigurationReference = 6DD84F12F1B15D53D60B406D /* Pods-Sialah.release.xcconfig */;
			buildSettings = {
				ASSETCATALOG_COMPILER_APPICON_NAME = AppIcon;
				CODE_SIGN_STYLE = Automatic;
				DEVELOPMENT_TEAM = 93J5N959FE;
				INFOPLIST_FILE = Sialah/Info.plist;
				LD_RUNPATH_SEARCH_PATHS = "$(inherited) @executable_path/Frameworks";
				PRODUCT_BUNDLE_IDENTIFIER = Maklemak.Sialah;
				PRODUCT_NAME = "$(TARGET_NAME)";
				SWIFT_VERSION = 4.0;
				TARGETED_DEVICE_FAMILY = "1,2";
			};
			name = Release;
		};
/* End XCBuildConfiguration section */

/* Begin XCConfigurationList section */
		77661B811F92A5E2002B48FF /* Build configuration list for PBXProject "Sialah" */ = {
			isa = XCConfigurationList;
			buildConfigurations = (
				77661B961F92A5E3002B48FF /* Debug */,
				77661B971F92A5E3002B48FF /* Release */,
			);
			defaultConfigurationIsVisible = 0;
			defaultConfigurationName = Release;
		};
		77661B981F92A5E3002B48FF /* Build configuration list for PBXNativeTarget "Sialah" */ = {
			isa = XCConfigurationList;
			buildConfigurations = (
				77661B991F92A5E3002B48FF /* Debug */,
				77661B9A1F92A5E3002B48FF /* Release */,
			);
			defaultConfigurationIsVisible = 0;
			defaultConfigurationName = Release;
		};
/* End XCConfigurationList section */
	};
	rootObject = 77661B7E1F92A5E2002B48FF /* Project object */;
}
